
Microsoft Visual Studio Solution File, Format Version 12.00
# Visual Studio 2012
VisualStudioVersion = 12.0.31101.0
MinimumVisualStudioVersion = 10.0.40219.1
Project("{D954291E-2A0B-460D-934E-DC6B0785DB48}") = "Xamarin.Weather", "Xamarin.Weather\Xamarin.Weather\Xamarin.Weather.shproj", "{2E39DFDB-F778-4749-9024-441169F162C9}"
EndProject
Project("{FAE04EC0-301F-11D3-BF4B-00C04F79EFBC}") = "Xamarin.Weather.WinPhone", "Xamarin.Weather\Xamarin.Weather.WinPhone\Xamarin.Weather.WinPhone.csproj", "{352F0822-3E30-48E7-AEA2-047EE7162CFD}"
EndProject
Project("{FAE04EC0-301F-11D3-BF4B-00C04F79EFBC}") = "Xamarin.Weather.iOS", "Xamarin.Weather\Xamarin.Weather.iOS\Xamarin.Weather.iOS.csproj", "{FF817F47-3687-4ADF-BAF3-9F74F6008721}"
EndProject
Project("{FAE04EC0-301F-11D3-BF4B-00C04F79EFBC}") = "Xamarin.Weather.Droid", "Xamarin.Weather\Xamarin.Weather.Droid\Xamarin.Weather.Droid.csproj", "{69423457-A6FD-46F9-B970-1DFD53B66DE7}"
EndProject
Global
	GlobalSection(SolutionConfigurationPlatforms) = preSolution
		Ad-Hoc|Any CPU = Ad-Hoc|Any CPU
		Ad-Hoc|ARM = Ad-Hoc|ARM
		Ad-Hoc|iPhone = Ad-Hoc|iPhone
		Ad-Hoc|iPhoneSimulator = Ad-Hoc|iPhoneSimulator
		Ad-Hoc|Mixed Platforms = Ad-Hoc|Mixed Platforms
		Ad-Hoc|x86 = Ad-Hoc|x86
		AppStore|Any CPU = AppStore|Any CPU
		AppStore|ARM = AppStore|ARM
		AppStore|iPhone = AppStore|iPhone
		AppStore|iPhoneSimulator = AppStore|iPhoneSimulator
		AppStore|Mixed Platforms = AppStore|Mixed Platforms
		AppStore|x86 = AppStore|x86
		Debug|Any CPU = Debug|Any CPU
		Debug|ARM = Debug|ARM
		Debug|iPhone = Debug|iPhone
		Debug|iPhoneSimulator = Debug|iPhoneSimulator
		Debug|Mixed Platforms = Debug|Mixed Platforms
		Debug|x86 = Debug|x86
		Release|Any CPU = Release|Any CPU
		Release|ARM = Release|ARM
		Release|iPhone = Release|iPhone
		Release|iPhoneSimulator = Release|iPhoneSimulator
		Release|Mixed Platforms = Release|Mixed Platforms
		Release|x86 = Release|x86
	EndGlobalSection
	GlobalSection(ProjectConfigurationPlatforms) = postSolution
		{352F0822-3E30-48E7-AEA2-047EE7162CFD}.Ad-Hoc|Any CPU.ActiveCfg = Release|Any CPU
		{352F0822-3E30-48E7-AEA2-047EE7162CFD}.Ad-Hoc|Any CPU.Build.0 = Release|Any CPU
		{352F0822-3E30-48E7-AEA2-047EE7162CFD}.Ad-Hoc|Any CPU.Deploy.0 = Release|Any CPU
		{352F0822-3E30-48E7-AEA2-047EE7162CFD}.Ad-Hoc|ARM.ActiveCfg = Release|ARM
		{352F0822-3E30-48E7-AEA2-047EE7162CFD}.Ad-Hoc|ARM.Build.0 = Release|ARM
		{352F0822-3E30-48E7-AEA2-047EE7162CFD}.Ad-Hoc|ARM.Deploy.0 = Release|ARM
		{352F0822-3E30-48E7-AEA2-047EE7162CFD}.Ad-Hoc|iPhone.ActiveCfg = Release|Any CPU
		{352F0822-3E30-48E7-AEA2-047EE7162CFD}.Ad-Hoc|iPhoneSimulator.ActiveCfg = Release|Any CPU
		{352F0822-3E30-48E7-AEA2-047EE7162CFD}.Ad-Hoc|Mixed Platforms.ActiveCfg = Release|x86
		{352F0822-3E30-48E7-AEA2-047EE7162CFD}.Ad-Hoc|Mixed Platforms.Build.0 = Release|x86
		{352F0822-3E30-48E7-AEA2-047EE7162CFD}.Ad-Hoc|Mixed Platforms.Deploy.0 = Release|x86
		{352F0822-3E30-48E7-AEA2-047EE7162CFD}.Ad-Hoc|x86.ActiveCfg = Release|x86
		{352F0822-3E30-48E7-AEA2-047EE7162CFD}.Ad-Hoc|x86.Build.0 = Release|x86
		{352F0822-3E30-48E7-AEA2-047EE7162CFD}.Ad-Hoc|x86.Deploy.0 = Release|x86
		{352F0822-3E30-48E7-AEA2-047EE7162CFD}.AppStore|Any CPU.ActiveCfg = Release|Any CPU
		{352F0822-3E30-48E7-AEA2-047EE7162CFD}.AppStore|Any CPU.Build.0 = Release|Any CPU
		{352F0822-3E30-48E7-AEA2-047EE7162CFD}.AppStore|Any CPU.Deploy.0 = Release|Any CPU
		{352F0822-3E30-48E7-AEA2-047EE7162CFD}.AppStore|ARM.ActiveCfg = Release|ARM
		{352F0822-3E30-48E7-AEA2-047EE7162CFD}.AppStore|ARM.Build.0 = Release|ARM
		{352F0822-3E30-48E7-AEA2-047EE7162CFD}.AppStore|ARM.Deploy.0 = Release|ARM
		{352F0822-3E30-48E7-AEA2-047EE7162CFD}.AppStore|iPhone.ActiveCfg = Release|Any CPU
		{352F0822-3E30-48E7-AEA2-047EE7162CFD}.AppStore|iPhoneSimulator.ActiveCfg = Release|Any CPU
		{352F0822-3E30-48E7-AEA2-047EE7162CFD}.AppStore|Mixed Platforms.ActiveCfg = Release|x86
		{352F0822-3E30-48E7-AEA2-047EE7162CFD}.AppStore|Mixed Platforms.Build.0 = Release|x86
		{352F0822-3E30-48E7-AEA2-047EE7162CFD}.AppStore|Mixed Platforms.Deploy.0 = Release|x86
		{352F0822-3E30-48E7-AEA2-047EE7162CFD}.AppStore|x86.ActiveCfg = Release|x86
		{352F0822-3E30-48E7-AEA2-047EE7162CFD}.AppStore|x86.Build.0 = Release|x86
		{352F0822-3E30-48E7-AEA2-047EE7162CFD}.AppStore|x86.Deploy.0 = Release|x86
		{352F0822-3E30-48E7-AEA2-047EE7162CFD}.Debug|Any CPU.ActiveCfg = Debug|Any CPU
		{352F0822-3E30-48E7-AEA2-047EE7162CFD}.Debug|Any CPU.Build.0 = Debug|Any CPU
		{352F0822-3E30-48E7-AEA2-047EE7162CFD}.Debug|Any CPU.Deploy.0 = Debug|Any CPU
		{352F0822-3E30-48E7-AEA2-047EE7162CFD}.Debug|ARM.ActiveCfg = Debug|ARM
		{352F0822-3E30-48E7-AEA2-047EE7162CFD}.Debug|ARM.Build.0 = Debug|ARM
		{352F0822-3E30-48E7-AEA2-047EE7162CFD}.Debug|ARM.Deploy.0 = Debug|ARM
		{352F0822-3E30-48E7-AEA2-047EE7162CFD}.Debug|iPhone.ActiveCfg = Debug|Any CPU
		{352F0822-3E30-48E7-AEA2-047EE7162CFD}.Debug|iPhoneSimulator.ActiveCfg = Debug|Any CPU
		{352F0822-3E30-48E7-AEA2-047EE7162CFD}.Debug|Mixed Platforms.ActiveCfg = Debug|x86
		{352F0822-3E30-48E7-AEA2-047EE7162CFD}.Debug|Mixed Platforms.Build.0 = Debug|x86
		{352F0822-3E30-48E7-AEA2-047EE7162CFD}.Debug|Mixed Platforms.Deploy.0 = Debug|x86
		{352F0822-3E30-48E7-AEA2-047EE7162CFD}.Debug|x86.ActiveCfg = Debug|x86
		{352F0822-3E30-48E7-AEA2-047EE7162CFD}.Debug|x86.Build.0 = Debug|x86
		{352F0822-3E30-48E7-AEA2-047EE7162CFD}.Debug|x86.Deploy.0 = Debug|x86
		{352F0822-3E30-48E7-AEA2-047EE7162CFD}.Release|Any CPU.ActiveCfg = Release|Any CPU
		{352F0822-3E30-48E7-AEA2-047EE7162CFD}.Release|Any CPU.Build.0 = Release|Any CPU
		{352F0822-3E30-48E7-AEA2-047EE7162CFD}.Release|Any CPU.Deploy.0 = Release|Any CPU
		{352F0822-3E30-48E7-AEA2-047EE7162CFD}.Release|ARM.ActiveCfg = Release|ARM
		{352F0822-3E30-48E7-AEA2-047EE7162CFD}.Release|ARM.Build.0 = Release|ARM
		{352F0822-3E30-48E7-AEA2-047EE7162CFD}.Release|ARM.Deploy.0 = Release|ARM
		{352F0822-3E30-48E7-AEA2-047EE7162CFD}.Release|iPhone.ActiveCfg = Release|Any CPU
		{352F0822-3E30-48E7-AEA2-047EE7162CFD}.Release|iPhoneSimulator.ActiveCfg = Release|Any CPU
		{352F0822-3E30-48E7-AEA2-047EE7162CFD}.Release|Mixed Platforms.ActiveCfg = Release|x86
		{352F0822-3E30-48E7-AEA2-047EE7162CFD}.Release|Mixed Platforms.Build.0 = Release|x86
		{352F0822-3E30-48E7-AEA2-047EE7162CFD}.Release|Mixed Platforms.Deploy.0 = Release|x86
		{352F0822-3E30-48E7-AEA2-047EE7162CFD}.Release|x86.ActiveCfg = Release|x86
		{352F0822-3E30-48E7-AEA2-047EE7162CFD}.Release|x86.Build.0 = Release|x86
		{352F0822-3E30-48E7-AEA2-047EE7162CFD}.Release|x86.Deploy.0 = Release|x86
		{69423457-A6FD-46F9-B970-1DFD53B66DE7}.Ad-Hoc|Any CPU.ActiveCfg = Release|Any CPU
		{69423457-A6FD-46F9-B970-1DFD53B66DE7}.Ad-Hoc|Any CPU.Build.0 = Release|Any CPU
		{69423457-A6FD-46F9-B970-1DFD53B66DE7}.Ad-Hoc|Any CPU.Deploy.0 = Release|Any CPU
		{69423457-A6FD-46F9-B970-1DFD53B66DE7}.Ad-Hoc|ARM.ActiveCfg = Release|Any CPU
		{69423457-A6FD-46F9-B970-1DFD53B66DE7}.Ad-Hoc|iPhone.ActiveCfg = Release|Any CPU
		{69423457-A6FD-46F9-B970-1DFD53B66DE7}.Ad-Hoc|iPhoneSimulator.ActiveCfg = Release|Any CPU
		{69423457-A6FD-46F9-B970-1DFD53B66DE7}.Ad-Hoc|Mixed Platforms.ActiveCfg = Release|Any CPU
		{69423457-A6FD-46F9-B970-1DFD53B66DE7}.Ad-Hoc|Mixed Platforms.Build.0 = Release|Any CPU
		{69423457-A6FD-46F9-B970-1DFD53B66DE7}.Ad-Hoc|Mixed Platforms.Deploy.0 = Release|Any CPU
		{69423457-A6FD-46F9-B970-1DFD53B66DE7}.Ad-Hoc|x86.ActiveCfg = Release|Any CPU
		{69423457-A6FD-46F9-B970-1DFD53B66DE7}.AppStore|Any CPU.ActiveCfg = Release|Any CPU
		{69423457-A6FD-46F9-B970-1DFD53B66DE7}.AppStore|Any CPU.Build.0 = Release|Any CPU
		{69423457-A6FD-46F9-B970-1DFD53B66DE7}.AppStore|Any CPU.Deploy.0 = Release|Any CPU
		{69423457-A6FD-46F9-B970-1DFD53B66DE7}.AppStore|ARM.ActiveCfg = Release|Any CPU
		{69423457-A6FD-46F9-B970-1DFD53B66DE7}.AppStore|iPhone.ActiveCfg = Release|Any CPU
		{69423457-A6FD-46F9-B970-1DFD53B66DE7}.AppStore|iPhoneSimulator.ActiveCfg = Release|Any CPU
		{69423457-A6FD-46F9-B970-1DFD53B66DE7}.AppStore|Mixed Platforms.ActiveCfg = Release|Any CPU
		{69423457-A6FD-46F9-B970-1DFD53B66DE7}.AppStore|Mixed Platforms.Build.0 = Release|Any CPU
		{69423457-A6FD-46F9-B970-1DFD53B66DE7}.AppStore|Mixed Platforms.Deploy.0 = Release|Any CPU
		{69423457-A6FD-46F9-B970-1DFD53B66DE7}.AppStore|x86.ActiveCfg = Release|Any CPU
		{69423457-A6FD-46F9-B970-1DFD53B66DE7}.Debug|Any CPU.ActiveCfg = Debug|Any CPU
		{69423457-A6FD-46F9-B970-1DFD53B66DE7}.Debug|Any CPU.Build.0 = Debug|Any CPU
		{69423457-A6FD-46F9-B970-1DFD53B66DE7}.Debug|Any CPU.Deploy.0 = Debug|Any CPU
		{69423457-A6FD-46F9-B970-1DFD53B66DE7}.Debug|ARM.ActiveCfg = Debug|Any CPU
		{69423457-A6FD-46F9-B970-1DFD53B66DE7}.Debug|iPhone.ActiveCfg = Debug|Any CPU
		{69423457-A6FD-46F9-B970-1DFD53B66DE7}.Debug|iPhoneSimulator.ActiveCfg = Debug|Any CPU
		{69423457-A6FD-46F9-B970-1DFD53B66DE7}.Debug|Mixed Platforms.ActiveCfg = Debug|Any CPU
		{69423457-A6FD-46F9-B970-1DFD53B66DE7}.Debug|Mixed Platforms.Build.0 = Debug|Any CPU
		{69423457-A6FD-46F9-B970-1DFD53B66DE7}.Debug|Mixed Platforms.Deploy.0 = Debug|Any CPU
		{69423457-A6FD-46F9-B970-1DFD53B66DE7}.Debug|x86.ActiveCfg = Debug|Any CPU
		{69423457-A6FD-46F9-B970-1DFD53B66DE7}.Release|Any CPU.ActiveCfg = Release|Any CPU
		{69423457-A6FD-46F9-B970-1DFD53B66DE7}.Release|Any CPU.Build.0 = Release|Any CPU
		{69423457-A6FD-46F9-B970-1DFD53B66DE7}.Release|Any CPU.Deploy.0 = Release|Any CPU
		{69423457-A6FD-46F9-B970-1DFD53B66DE7}.Release|ARM.ActiveCfg = Release|Any CPU
		{69423457-A6FD-46F9-B970-1DFD53B66DE7}.Release|iPhone.ActiveCfg = Release|Any CPU
		{69423457-A6FD-46F9-B970-1DFD53B66DE7}.Release|iPhoneSimulator.ActiveCfg = Release|Any CPU
		{69423457-A6FD-46F9-B970-1DFD53B66DE7}.Release|Mixed Platforms.ActiveCfg = Release|Any CPU
		{69423457-A6FD-46F9-B970-1DFD53B66DE7}.Release|Mixed Platforms.Build.0 = Release|Any CPU
		{69423457-A6FD-46F9-B970-1DFD53B66DE7}.Release|Mixed Platforms.Deploy.0 = Release|Any CPU
		{69423457-A6FD-46F9-B970-1DFD53B66DE7}.Release|x86.ActiveCfg = Release|Any CPU
		{FF817F47-3687-4ADF-BAF3-9F74F6008721}.Ad-Hoc|Any CPU.ActiveCfg = Ad-Hoc|iPhone
		{FF817F47-3687-4ADF-BAF3-9F74F6008721}.Ad-Hoc|ARM.ActiveCfg = Ad-Hoc|iPhone
		{FF817F47-3687-4ADF-BAF3-9F74F6008721}.Ad-Hoc|iPhone.ActiveCfg = Ad-Hoc|iPhone
		{FF817F47-3687-4ADF-BAF3-9F74F6008721}.Ad-Hoc|iPhone.Build.0 = Ad-Hoc|iPhone
		{FF817F47-3687-4ADF-BAF3-9F74F6008721}.Ad-Hoc|iPhoneSimulator.ActiveCfg = Ad-Hoc|iPhoneSimulator
		{FF817F47-3687-4ADF-BAF3-9F74F6008721}.Ad-Hoc|iPhoneSimulator.Build.0 = Ad-Hoc|iPhoneSimulator
		{FF817F47-3687-4ADF-BAF3-9F74F6008721}.Ad-Hoc|Mixed Platforms.ActiveCfg = Ad-Hoc|iPhone
		{FF817F47-3687-4ADF-BAF3-9F74F6008721}.Ad-Hoc|Mixed Platforms.Build.0 = Ad-Hoc|iPhone
		{FF817F47-3687-4ADF-BAF3-9F74F6008721}.Ad-Hoc|x86.ActiveCfg = Ad-Hoc|iPhone
		{FF817F47-3687-4ADF-BAF3-9F74F6008721}.AppStore|Any CPU.ActiveCfg = AppStore|iPhone
		{FF817F47-3687-4ADF-BAF3-9F74F6008721}.AppStore|ARM.ActiveCfg = AppStore|iPhone
		{FF817F47-3687-4ADF-BAF3-9F74F6008721}.AppStore|iPhone.ActiveCfg = AppStore|iPhone
		{FF817F47-3687-4ADF-BAF3-9F74F6008721}.AppStore|iPhone.Build.0 = AppStore|iPhone
		{FF817F47-3687-4ADF-BAF3-9F74F6008721}.AppStore|iPhoneSimulator.ActiveCfg = AppStore|iPhoneSimulator
		{FF817F47-3687-4ADF-BAF3-9F74F6008721}.AppStore|iPhoneSimulator.Build.0 = AppStore|iPhoneSimulator
		{FF817F47-3687-4ADF-BAF3-9F74F6008721}.AppStore|Mixed Platforms.ActiveCfg = AppStore|iPhone
		{FF817F47-3687-4ADF-BAF3-9F74F6008721}.AppStore|Mixed Platforms.Build.0 = AppStore|iPhone
		{FF817F47-3687-4ADF-BAF3-9F74F6008721}.AppStore|x86.ActiveCfg = AppStore|iPhone
		{FF817F47-3687-4ADF-BAF3-9F74F6008721}.Debug|Any CPU.ActiveCfg = Debug|iPhone
		{FF817F47-3687-4ADF-BAF3-9F74F6008721}.Debug|ARM.ActiveCfg = Debug|iPhone
		{FF817F47-3687-4ADF-BAF3-9F74F6008721}.Debug|iPhone.ActiveCfg = Debug|iPhone
		{FF817F47-3687-4ADF-BAF3-9F74F6008721}.Debug|iPhone.Build.0 = Debug|iPhone
		{FF817F47-3687-4ADF-BAF3-9F74F6008721}.Debug|iPhoneSimulator.ActiveCfg = Debug|iPhoneSimulator
		{FF817F47-3687-4ADF-BAF3-9F74F6008721}.Debug|iPhoneSimulator.Build.0 = Debug|iPhoneSimulator
		{FF817F47-3687-4ADF-BAF3-9F74F6008721}.Debug|Mixed Platforms.ActiveCfg = Debug|iPhone
		{FF817F47-3687-4ADF-BAF3-9F74F6008721}.Debug|Mixed Platforms.Build.0 = Debug|iPhone
		{FF817F47-3687-4ADF-BAF3-9F74F6008721}.Debug|x86.ActiveCfg = Debug|iPhone
		{FF817F47-3687-4ADF-BAF3-9F74F6008721}.Release|Any CPU.ActiveCfg = Release|iPhone
		{FF817F47-3687-4ADF-BAF3-9F74F6008721}.Release|ARM.ActiveCfg = Release|iPhone
		{FF817F47-3687-4ADF-BAF3-9F74F6008721}.Release|iPhone.ActiveCfg = Release|iPhone
		{FF817F47-3687-4ADF-BAF3-9F74F6008721}.Release|iPhone.Build.0 = Release|iPhone
		{FF817F47-3687-4ADF-BAF3-9F74F6008721}.Release|iPhoneSimulator.ActiveCfg = Release|iPhoneSimulator
		{FF817F47-3687-4ADF-BAF3-9F74F6008721}.Release|iPhoneSimulator.Build.0 = Release|iPhoneSimulator
		{FF817F47-3687-4ADF-BAF3-9F74F6008721}.Release|Mixed Platforms.ActiveCfg = Release|iPhone
		{FF817F47-3687-4ADF-BAF3-9F74F6008721}.Release|Mixed Platforms.Build.0 = Release|iPhone
		{FF817F47-3687-4ADF-BAF3-9F74F6008721}.Release|x86.ActiveCfg = Release|iPhone
	EndGlobalSection
	GlobalSection(SharedMSBuildProjectFiles) = preSolution
		Xamarin.Weather\Xamarin.Weather\Xamarin.Weather.projitems*{2e39dfdb-f778-4749-9024-441169f162c9}*SharedItemsImports = 13
		Xamarin.Weather\Xamarin.Weather\Xamarin.Weather.projitems*{69423457-a6fd-46f9-b970-1dfd53b66de7}*SharedItemsImports = 4
		Xamarin.Weather\Xamarin.Weather\Xamarin.Weather.projitems*{352f0822-3e30-48e7-aea2-047ee7162cfd}*SharedItemsImports = 4
		Xamarin.Weather\Xamarin.Weather\Xamarin.Weather.projitems*{ff817f47-3687-4adf-baf3-9f74f6008721}*SharedItemsImports = 4
	EndGlobalSection
	GlobalSection(SolutionProperties) = preSolution
		HideSolutionNode = FALSE
	EndGlobalSection
EndGlobal
